
Microsoft Visual Studio Solution File, Format Version 12.00
# Visual Studio 2012
Project("{8BC9CEB9-8B4A-11D0-8D11-00A0C91BC942}") = "UMA", "UMA.dll", "{8B9E05ED-17E4-4B92-B597-800DC84F1CB6}"
	ProjectSection(MonoDevelopProperties) = preProject
		name = UMA
		Configurations = $0
		$0.Configuration = $1
		$1.name = Default
		$1.OutputPath = .\
		$1.ctype = ProjectConfiguration
	EndProjectSection
EndProject
Global
	GlobalSection(SolutionConfigurationPlatforms) = preSolution
		Default|Any CPU = Default|Any CPU
	EndGlobalSection
	GlobalSection(ProjectConfigurationPlatforms) = postSolution
		{8B9E05ED-17E4-4B92-B597-800DC84F1CB6}.Default|Any CPU.ActiveCfg = Default|Any CPU
		{8B9E05ED-17E4-4B92-B597-800DC84F1CB6}.Default|Any CPU.Build.0 = Default|Any CPU
	EndGlobalSection
EndGlobal
